
Microsoft Visual Studio Solution File, Format Version 12.00
# Visual Studio 2013
VisualStudioVersion = 12.0.21005.1
MinimumVisualStudioVersion = 10.0.40219.1
Project("{FAE04EC0-301F-11D3-BF4B-00C04F79EFBC}") = "TFATERPWebApplication", "TFATERPWebApplication\TFATERPWebApplication.csproj", "{B2DD8C92-2B93-4655-8EAB-2D1E7E6CCB32}"
EndProject
Project("{FAE04EC0-301F-11D3-BF4B-00C04F79EFBC}") = "ResourceBuilder", "ResourceBuilder\ResourceBuilder.csproj", "{ED69B8C6-88C2-4A77-8233-BC0153DCF609}"
EndProject
Project("{FAE04EC0-301F-11D3-BF4B-00C04F79EFBC}") = "Resources", "Resources\Resources.csproj", "{251223E9-7F41-4F74-A853-CAC5C65FE675}"
EndProject
Global
	GlobalSection(TeamFoundationVersionControl) = preSolution
		SccNumberOfProjects = 4
		SccEnterpriseProvider = {4CA58AB2-18FA-4F8D-95D4-32DDF27D184C}
		SccTeamFoundationServer = https://suchansoftware.visualstudio.com/defaultcollection
		SccLocalPath0 = .
		SccProjectUniqueName1 = ResourceBuilder\\ResourceBuilder.csproj
		SccProjectName1 = ResourceBuilder
		SccLocalPath1 = ResourceBuilder
		SccProjectUniqueName2 = Resources\\Resources.csproj
		SccProjectName2 = Resources
		SccLocalPath2 = Resources
		SccProjectUniqueName3 = TFATERPWebApplication\\TFATERPWebApplication.csproj
		SccProjectName3 = TFATERPWebApplication
		SccLocalPath3 = TFATERPWebApplication
	EndGlobalSection
	GlobalSection(SolutionConfigurationPlatforms) = preSolution
		Debug|Any CPU = Debug|Any CPU
		Release|Any CPU = Release|Any CPU
	EndGlobalSection
	GlobalSection(ProjectConfigurationPlatforms) = postSolution
		{B2DD8C92-2B93-4655-8EAB-2D1E7E6CCB32}.Debug|Any CPU.ActiveCfg = Debug|Any CPU
		{B2DD8C92-2B93-4655-8EAB-2D1E7E6CCB32}.Debug|Any CPU.Build.0 = Debug|Any CPU
		{B2DD8C92-2B93-4655-8EAB-2D1E7E6CCB32}.Release|Any CPU.ActiveCfg = Release|Any CPU
		{B2DD8C92-2B93-4655-8EAB-2D1E7E6CCB32}.Release|Any CPU.Build.0 = Release|Any CPU
		{ED69B8C6-88C2-4A77-8233-BC0153DCF609}.Debug|Any CPU.ActiveCfg = Debug|Any CPU
		{ED69B8C6-88C2-4A77-8233-BC0153DCF609}.Debug|Any CPU.Build.0 = Debug|Any CPU
		{ED69B8C6-88C2-4A77-8233-BC0153DCF609}.Release|Any CPU.ActiveCfg = Release|Any CPU
		{ED69B8C6-88C2-4A77-8233-BC0153DCF609}.Release|Any CPU.Build.0 = Release|Any CPU
		{251223E9-7F41-4F74-A853-CAC5C65FE675}.Debug|Any CPU.ActiveCfg = Debug|Any CPU
		{251223E9-7F41-4F74-A853-CAC5C65FE675}.Debug|Any CPU.Build.0 = Debug|Any CPU
		{251223E9-7F41-4F74-A853-CAC5C65FE675}.Release|Any CPU.ActiveCfg = Release|Any CPU
		{251223E9-7F41-4F74-A853-CAC5C65FE675}.Release|Any CPU.Build.0 = Release|Any CPU
	EndGlobalSection
	GlobalSection(SolutionProperties) = preSolution
		HideSolutionNode = FALSE
	EndGlobalSection
EndGlobal
